
Microsoft Visual Studio Solution File, Format Version 12.00
# Visual Studio 2013
VisualStudioVersion = 12.0.30501.0
MinimumVisualStudioVersion = 10.0.40219.1
Project("{FAE04EC0-301F-11D3-BF4B-00C04F79EFBC}") = "Foosinator", "Foosinator\Foosinator.csproj", "{663B01B1-68C8-4EC2-A04F-488AE2A21999}"
EndProject
Project("{2150E333-8FDC-42A3-9474-1A3956D46DE8}") = ".nuget", ".nuget", "{F3D4E645-F56F-4DD2-83BE-61F7AC6203DD}"
	ProjectSection(SolutionItems) = preProject
		.nuget\NuGet.Config = .nuget\NuGet.Config
		.nuget\NuGet.exe = .nuget\NuGet.exe
		.nuget\NuGet.targets = .nuget\NuGet.targets
	EndProjectSection
EndProject
Project("{FAE04EC0-301F-11D3-BF4B-00C04F79EFBC}") = "SlackAPI", "SlackAPI\SlackAPI.csproj", "{12C0AECA-16C2-4563-B73A-6CF0D39AE69A}"
EndProject
Global
	GlobalSection(SolutionConfigurationPlatforms) = preSolution
		Debug|Any CPU = Debug|Any CPU
		Release|Any CPU = Release|Any CPU
	EndGlobalSection
	GlobalSection(ProjectConfigurationPlatforms) = postSolution
		{663B01B1-68C8-4EC2-A04F-488AE2A21999}.Debug|Any CPU.ActiveCfg = Debug|Any CPU
		{663B01B1-68C8-4EC2-A04F-488AE2A21999}.Debug|Any CPU.Build.0 = Debug|Any CPU
		{663B01B1-68C8-4EC2-A04F-488AE2A21999}.Release|Any CPU.ActiveCfg = Release|Any CPU
		{663B01B1-68C8-4EC2-A04F-488AE2A21999}.Release|Any CPU.Build.0 = Release|Any CPU
		{12C0AECA-16C2-4563-B73A-6CF0D39AE69A}.Debug|Any CPU.ActiveCfg = Debug|Any CPU
		{12C0AECA-16C2-4563-B73A-6CF0D39AE69A}.Debug|Any CPU.Build.0 = Debug|Any CPU
		{12C0AECA-16C2-4563-B73A-6CF0D39AE69A}.Release|Any CPU.ActiveCfg = Release|Any CPU
		{12C0AECA-16C2-4563-B73A-6CF0D39AE69A}.Release|Any CPU.Build.0 = Release|Any CPU
	EndGlobalSection
	GlobalSection(SolutionProperties) = preSolution
		HideSolutionNode = FALSE
	EndGlobalSection
EndGlobal
